
Microsoft Visual Studio Solution File, Format Version 12.00
# Visual Studio Version 16
VisualStudioVersion = 16.0.31410.357
MinimumVisualStudioVersion = 10.0.40219.1
Project("{FAE04EC0-301F-11D3-BF4B-00C04F79EFBC}") = "UI", "UI\ModernAppDesign\UI.csproj", "{490665A8-46DD-43C8-801E-3EF52DE1FFCB}"
EndProject
Project("{FAE04EC0-301F-11D3-BF4B-00C04F79EFBC}") = "BL", "BL\BL.csproj", "{A41638ED-56A7-4C89-BD39-298149330C66}"
EndProject
Project("{FAE04EC0-301F-11D3-BF4B-00C04F79EFBC}") = "DAL", "DAL\DAL.csproj", "{C3310799-A122-42F6-8937-DAAF4F0C5FCE}"
EndProject
Global
	GlobalSection(SolutionConfigurationPlatforms) = preSolution
		Debug|Any CPU = Debug|Any CPU
		Release|Any CPU = Release|Any CPU
	EndGlobalSection
	GlobalSection(ProjectConfigurationPlatforms) = postSolution
		{490665A8-46DD-43C8-801E-3EF52DE1FFCB}.Debug|Any CPU.ActiveCfg = Debug|Any CPU
		{490665A8-46DD-43C8-801E-3EF52DE1FFCB}.Debug|Any CPU.Build.0 = Debug|Any CPU
		{490665A8-46DD-43C8-801E-3EF52DE1FFCB}.Release|Any CPU.ActiveCfg = Release|Any CPU
		{490665A8-46DD-43C8-801E-3EF52DE1FFCB}.Release|Any CPU.Build.0 = Release|Any CPU
		{A41638ED-56A7-4C89-BD39-298149330C66}.Debug|Any CPU.ActiveCfg = Debug|Any CPU
		{A41638ED-56A7-4C89-BD39-298149330C66}.Debug|Any CPU.Build.0 = Debug|Any CPU
		{A41638ED-56A7-4C89-BD39-298149330C66}.Release|Any CPU.ActiveCfg = Release|Any CPU
		{A41638ED-56A7-4C89-BD39-298149330C66}.Release|Any CPU.Build.0 = Release|Any CPU
		{C3310799-A122-42F6-8937-DAAF4F0C5FCE}.Debug|Any CPU.ActiveCfg = Debug|Any CPU
		{C3310799-A122-42F6-8937-DAAF4F0C5FCE}.Debug|Any CPU.Build.0 = Debug|Any CPU
		{C3310799-A122-42F6-8937-DAAF4F0C5FCE}.Release|Any CPU.ActiveCfg = Release|Any CPU
		{C3310799-A122-42F6-8937-DAAF4F0C5FCE}.Release|Any CPU.Build.0 = Release|Any CPU
	EndGlobalSection
	GlobalSection(SolutionProperties) = preSolution
		HideSolutionNode = FALSE
	EndGlobalSection
	GlobalSection(ExtensibilityGlobals) = postSolution
		SolutionGuid = {C4001B38-5BAD-4AE8-B588-F17FAFA44AD9}
	EndGlobalSection
EndGlobal
